
Microsoft Visual Studio Solution File, Format Version 12.00
# Visual Studio 15
VisualStudioVersion = 15.0.26730.12
MinimumVisualStudioVersion = 10.0.40219.1
Project("{FAE04EC0-301F-11D3-BF4B-00C04F79EFBC}") = "ConsoleApp1", "ConsoleApp1\ConsoleApp1.csproj", "{F8CB59AE-4C3B-48AB-BCF2-713733A05C7F}"
EndProject
Project("{8BC9CEB8-8B4A-11D0-8D11-00A0C91BC942}") = "ConsoleApplication1", "ConsoleApplication1\ConsoleApplication1.vcxproj", "{A9AD5DBF-D833-4C9B-A5D9-5D561613174E}"
EndProject
Project("{FAE04EC0-301F-11D3-BF4B-00C04F79EFBC}") = "WebApi_AF", "WebApi_AF\WebApi_AF.csproj", "{EAB9B3F5-8DD8-422F-A287-3F6E8015FF2C}"
EndProject
Global
	GlobalSection(SolutionConfigurationPlatforms) = preSolution
		Debug|Any CPU = Debug|Any CPU
		Debug|x64 = Debug|x64
		Debug|x86 = Debug|x86
		Release|Any CPU = Release|Any CPU
		Release|x64 = Release|x64
		Release|x86 = Release|x86
		Test|Any CPU = Test|Any CPU
		Test|x64 = Test|x64
		Test|x86 = Test|x86
	EndGlobalSection
	GlobalSection(ProjectConfigurationPlatforms) = postSolution
		{F8CB59AE-4C3B-48AB-BCF2-713733A05C7F}.Debug|Any CPU.ActiveCfg = Debug|Any CPU
		{F8CB59AE-4C3B-48AB-BCF2-713733A05C7F}.Debug|Any CPU.Build.0 = Debug|Any CPU
		{F8CB59AE-4C3B-48AB-BCF2-713733A05C7F}.Debug|x64.ActiveCfg = Debug|Any CPU
		{F8CB59AE-4C3B-48AB-BCF2-713733A05C7F}.Debug|x64.Build.0 = Debug|Any CPU
		{F8CB59AE-4C3B-48AB-BCF2-713733A05C7F}.Debug|x86.ActiveCfg = Debug|Any CPU
		{F8CB59AE-4C3B-48AB-BCF2-713733A05C7F}.Debug|x86.Build.0 = Debug|Any CPU
		{F8CB59AE-4C3B-48AB-BCF2-713733A05C7F}.Release|Any CPU.ActiveCfg = Release|Any CPU
		{F8CB59AE-4C3B-48AB-BCF2-713733A05C7F}.Release|Any CPU.Build.0 = Release|Any CPU
		{F8CB59AE-4C3B-48AB-BCF2-713733A05C7F}.Release|x64.ActiveCfg = Release|Any CPU
		{F8CB59AE-4C3B-48AB-BCF2-713733A05C7F}.Release|x64.Build.0 = Release|Any CPU
		{F8CB59AE-4C3B-48AB-BCF2-713733A05C7F}.Release|x86.ActiveCfg = Release|Any CPU
		{F8CB59AE-4C3B-48AB-BCF2-713733A05C7F}.Release|x86.Build.0 = Release|Any CPU
		{F8CB59AE-4C3B-48AB-BCF2-713733A05C7F}.Test|Any CPU.ActiveCfg = Test|Any CPU
		{F8CB59AE-4C3B-48AB-BCF2-713733A05C7F}.Test|Any CPU.Build.0 = Test|Any CPU
		{F8CB59AE-4C3B-48AB-BCF2-713733A05C7F}.Test|x64.ActiveCfg = Test|Any CPU
		{F8CB59AE-4C3B-48AB-BCF2-713733A05C7F}.Test|x64.Build.0 = Test|Any CPU
		{F8CB59AE-4C3B-48AB-BCF2-713733A05C7F}.Test|x86.ActiveCfg = Test|Any CPU
		{F8CB59AE-4C3B-48AB-BCF2-713733A05C7F}.Test|x86.Build.0 = Test|Any CPU
		{A9AD5DBF-D833-4C9B-A5D9-5D561613174E}.Debug|Any CPU.ActiveCfg = Debug|Win32
		{A9AD5DBF-D833-4C9B-A5D9-5D561613174E}.Debug|x64.ActiveCfg = Debug|x64
		{A9AD5DBF-D833-4C9B-A5D9-5D561613174E}.Debug|x64.Build.0 = Debug|x64
		{A9AD5DBF-D833-4C9B-A5D9-5D561613174E}.Debug|x86.ActiveCfg = Debug|Win32
		{A9AD5DBF-D833-4C9B-A5D9-5D561613174E}.Debug|x86.Build.0 = Debug|Win32
		{A9AD5DBF-D833-4C9B-A5D9-5D561613174E}.Release|Any CPU.ActiveCfg = Release|Win32
		{A9AD5DBF-D833-4C9B-A5D9-5D561613174E}.Release|x64.ActiveCfg = Release|x64
		{A9AD5DBF-D833-4C9B-A5D9-5D561613174E}.Release|x64.Build.0 = Release|x64
		{A9AD5DBF-D833-4C9B-A5D9-5D561613174E}.Release|x86.ActiveCfg = Release|Win32
		{A9AD5DBF-D833-4C9B-A5D9-5D561613174E}.Release|x86.Build.0 = Release|Win32
		{A9AD5DBF-D833-4C9B-A5D9-5D561613174E}.Test|Any CPU.ActiveCfg = Release|x64
		{A9AD5DBF-D833-4C9B-A5D9-5D561613174E}.Test|Any CPU.Build.0 = Release|x64
		{A9AD5DBF-D833-4C9B-A5D9-5D561613174E}.Test|x64.ActiveCfg = Release|x64
		{A9AD5DBF-D833-4C9B-A5D9-5D561613174E}.Test|x64.Build.0 = Release|x64
		{A9AD5DBF-D833-4C9B-A5D9-5D561613174E}.Test|x86.ActiveCfg = Release|Win32
		{A9AD5DBF-D833-4C9B-A5D9-5D561613174E}.Test|x86.Build.0 = Release|Win32
		{EAB9B3F5-8DD8-422F-A287-3F6E8015FF2C}.Debug|Any CPU.ActiveCfg = Debug|Any CPU
		{EAB9B3F5-8DD8-422F-A287-3F6E8015FF2C}.Debug|Any CPU.Build.0 = Debug|Any CPU
		{EAB9B3F5-8DD8-422F-A287-3F6E8015FF2C}.Debug|x64.ActiveCfg = Debug|Any CPU
		{EAB9B3F5-8DD8-422F-A287-3F6E8015FF2C}.Debug|x64.Build.0 = Debug|Any CPU
		{EAB9B3F5-8DD8-422F-A287-3F6E8015FF2C}.Debug|x86.ActiveCfg = Debug|Any CPU
		{EAB9B3F5-8DD8-422F-A287-3F6E8015FF2C}.Debug|x86.Build.0 = Debug|Any CPU
		{EAB9B3F5-8DD8-422F-A287-3F6E8015FF2C}.Release|Any CPU.ActiveCfg = Release|Any CPU
		{EAB9B3F5-8DD8-422F-A287-3F6E8015FF2C}.Release|Any CPU.Build.0 = Release|Any CPU
		{EAB9B3F5-8DD8-422F-A287-3F6E8015FF2C}.Release|x64.ActiveCfg = Release|Any CPU
		{EAB9B3F5-8DD8-422F-A287-3F6E8015FF2C}.Release|x64.Build.0 = Release|Any CPU
		{EAB9B3F5-8DD8-422F-A287-3F6E8015FF2C}.Release|x86.ActiveCfg = Release|Any CPU
		{EAB9B3F5-8DD8-422F-A287-3F6E8015FF2C}.Release|x86.Build.0 = Release|Any CPU
		{EAB9B3F5-8DD8-422F-A287-3F6E8015FF2C}.Test|Any CPU.ActiveCfg = Release|Any CPU
		{EAB9B3F5-8DD8-422F-A287-3F6E8015FF2C}.Test|Any CPU.Build.0 = Release|Any CPU
		{EAB9B3F5-8DD8-422F-A287-3F6E8015FF2C}.Test|x64.ActiveCfg = Release|Any CPU
		{EAB9B3F5-8DD8-422F-A287-3F6E8015FF2C}.Test|x64.Build.0 = Release|Any CPU
		{EAB9B3F5-8DD8-422F-A287-3F6E8015FF2C}.Test|x86.ActiveCfg = Release|Any CPU
		{EAB9B3F5-8DD8-422F-A287-3F6E8015FF2C}.Test|x86.Build.0 = Release|Any CPU
	EndGlobalSection
	GlobalSection(SolutionProperties) = preSolution
		HideSolutionNode = FALSE
	EndGlobalSection
	GlobalSection(ExtensibilityGlobals) = postSolution
		SolutionGuid = {0D93633B-56C8-45DF-B5EF-478B9DD41F88}
	EndGlobalSection
EndGlobal
